
Microsoft Visual Studio Solution File, Format Version 12.00
# Visual Studio Version 16
VisualStudioVersion = 16.0.31702.278
MinimumVisualStudioVersion = 10.0.40219.1
Project("{888888A0-9F3D-457C-B088-3A5042F75D52}") = "bst_kth_smallest_element_uplevel", "bst_kth_smallest_element_uplevel.pyproj", "{3EE29D0D-B147-4A2B-86AB-A654AD0E6016}"
EndProject
Global
	GlobalSection(SolutionConfigurationPlatforms) = preSolution
		Debug|Any CPU = Debug|Any CPU
		Release|Any CPU = Release|Any CPU
	EndGlobalSection
	GlobalSection(ProjectConfigurationPlatforms) = postSolution
		{3EE29D0D-B147-4A2B-86AB-A654AD0E6016}.Debug|Any CPU.ActiveCfg = Debug|Any CPU
		{3EE29D0D-B147-4A2B-86AB-A654AD0E6016}.Release|Any CPU.ActiveCfg = Release|Any CPU
	EndGlobalSection
	GlobalSection(SolutionProperties) = preSolution
		HideSolutionNode = FALSE
	EndGlobalSection
	GlobalSection(ExtensibilityGlobals) = postSolution
		SolutionGuid = {4BA68F5A-5161-4664-A83E-FBE04A5A0431}
	EndGlobalSection
EndGlobal
