
Microsoft Visual Studio Solution File, Format Version 12.00
# Visual Studio Version 17
VisualStudioVersion = 17.0.32014.148
MinimumVisualStudioVersion = 10.0.40219.1
Project("{888888A0-9F3D-457C-B088-3A5042F75D52}") = "dynamic_programming_minimum_coins_uplevel", "dynamic_programming_minimum_coins_uplevel.pyproj", "{A6BD3B42-1EEB-4F72-BC30-3A77EFDDEF2C}"
EndProject
Global
	GlobalSection(SolutionConfigurationPlatforms) = preSolution
		Debug|Any CPU = Debug|Any CPU
		Release|Any CPU = Release|Any CPU
	EndGlobalSection
	GlobalSection(ProjectConfigurationPlatforms) = postSolution
		{A6BD3B42-1EEB-4F72-BC30-3A77EFDDEF2C}.Debug|Any CPU.ActiveCfg = Debug|Any CPU
		{A6BD3B42-1EEB-4F72-BC30-3A77EFDDEF2C}.Release|Any CPU.ActiveCfg = Release|Any CPU
	EndGlobalSection
	GlobalSection(SolutionProperties) = preSolution
		HideSolutionNode = FALSE
	EndGlobalSection
	GlobalSection(ExtensibilityGlobals) = postSolution
		SolutionGuid = {D346E1A2-19B9-42AA-83AC-67F6452DF062}
	EndGlobalSection
EndGlobal
