
Microsoft Visual Studio Solution File, Format Version 12.00
# Visual Studio Version 16
VisualStudioVersion = 16.0.31702.278
MinimumVisualStudioVersion = 10.0.40219.1
Project("{888888A0-9F3D-457C-B088-3A5042F75D52}") = "graphs_knights_chessboard_uplevel", "graphs_knights_chessboard_uplevel.pyproj", "{4D14D850-3202-4F5E-BB26-CC7702087752}"
EndProject
Global
	GlobalSection(SolutionConfigurationPlatforms) = preSolution
		Debug|Any CPU = Debug|Any CPU
		Release|Any CPU = Release|Any CPU
	EndGlobalSection
	GlobalSection(ProjectConfigurationPlatforms) = postSolution
		{4D14D850-3202-4F5E-BB26-CC7702087752}.Debug|Any CPU.ActiveCfg = Debug|Any CPU
		{4D14D850-3202-4F5E-BB26-CC7702087752}.Release|Any CPU.ActiveCfg = Release|Any CPU
	EndGlobalSection
	GlobalSection(SolutionProperties) = preSolution
		HideSolutionNode = FALSE
	EndGlobalSection
	GlobalSection(ExtensibilityGlobals) = postSolution
		SolutionGuid = {230ACF82-1FDA-4AEE-8ED2-C6731D5F794D}
	EndGlobalSection
EndGlobal
