
Microsoft Visual Studio Solution File, Format Version 12.00
# Visual Studio Version 16
VisualStudioVersion = 16.0.31702.278
MinimumVisualStudioVersion = 10.0.40219.1
Project("{888888A0-9F3D-457C-B088-3A5042F75D52}") = "recursion_n_queens_uplevel", "recursion_n_queens_uplevel.pyproj", "{8BB824E8-C67B-4894-9CEA-77D4105F2495}"
EndProject
Global
	GlobalSection(SolutionConfigurationPlatforms) = preSolution
		Debug|Any CPU = Debug|Any CPU
		Release|Any CPU = Release|Any CPU
	EndGlobalSection
	GlobalSection(ProjectConfigurationPlatforms) = postSolution
		{8BB824E8-C67B-4894-9CEA-77D4105F2495}.Debug|Any CPU.ActiveCfg = Debug|Any CPU
		{8BB824E8-C67B-4894-9CEA-77D4105F2495}.Release|Any CPU.ActiveCfg = Release|Any CPU
	EndGlobalSection
	GlobalSection(SolutionProperties) = preSolution
		HideSolutionNode = FALSE
	EndGlobalSection
	GlobalSection(ExtensibilityGlobals) = postSolution
		SolutionGuid = {A63C8880-17A8-4D39-85B7-DC23CEB88602}
	EndGlobalSection
EndGlobal
