
Microsoft Visual Studio Solution File, Format Version 12.00
# Visual Studio Version 16
VisualStudioVersion = 16.0.31702.278
MinimumVisualStudioVersion = 10.0.40219.1
Project("{888888A0-9F3D-457C-B088-3A5042F75D52}") = "recursion_permutations_uplevel", "recursion_permutations_uplevel.pyproj", "{3E06C158-D734-488F-91F6-0566EBB61D77}"
EndProject
Global
	GlobalSection(SolutionConfigurationPlatforms) = preSolution
		Debug|Any CPU = Debug|Any CPU
		Release|Any CPU = Release|Any CPU
	EndGlobalSection
	GlobalSection(ProjectConfigurationPlatforms) = postSolution
		{3E06C158-D734-488F-91F6-0566EBB61D77}.Debug|Any CPU.ActiveCfg = Debug|Any CPU
		{3E06C158-D734-488F-91F6-0566EBB61D77}.Release|Any CPU.ActiveCfg = Release|Any CPU
	EndGlobalSection
	GlobalSection(SolutionProperties) = preSolution
		HideSolutionNode = FALSE
	EndGlobalSection
	GlobalSection(ExtensibilityGlobals) = postSolution
		SolutionGuid = {0CE155D5-C7C6-489B-9AA4-7537B7B57C21}
	EndGlobalSection
EndGlobal
