
Microsoft Visual Studio Solution File, Format Version 12.00
# Visual Studio Version 16
VisualStudioVersion = 16.0.31702.278
MinimumVisualStudioVersion = 10.0.40219.1
Project("{888888A0-9F3D-457C-B088-3A5042F75D52}") = "union_two_sorted_arrays_uplevel", "union_two_sorted_arrays_uplevel.pyproj", "{BAF7B5FF-2C20-4AD7-BF17-03FBFC202770}"
EndProject
Global
	GlobalSection(SolutionConfigurationPlatforms) = preSolution
		Debug|Any CPU = Debug|Any CPU
		Release|Any CPU = Release|Any CPU
	EndGlobalSection
	GlobalSection(ProjectConfigurationPlatforms) = postSolution
		{BAF7B5FF-2C20-4AD7-BF17-03FBFC202770}.Debug|Any CPU.ActiveCfg = Debug|Any CPU
		{BAF7B5FF-2C20-4AD7-BF17-03FBFC202770}.Release|Any CPU.ActiveCfg = Release|Any CPU
	EndGlobalSection
	GlobalSection(SolutionProperties) = preSolution
		HideSolutionNode = FALSE
	EndGlobalSection
	GlobalSection(ExtensibilityGlobals) = postSolution
		SolutionGuid = {99BCAA5A-2871-441C-8AD8-B6701B286371}
	EndGlobalSection
EndGlobal
