
Microsoft Visual Studio Solution File, Format Version 12.00
# Visual Studio Version 17
VisualStudioVersion = 17.0.32014.148
MinimumVisualStudioVersion = 10.0.40219.1
Project("{888888A0-9F3D-457C-B088-3A5042F75D52}") = "dynamic_programming_count_ways_n_steps_uplevel", "dynamic_programming_count_ways_n_steps_uplevel.pyproj", "{C7448063-E03E-44E9-8D4C-4D6A16926038}"
EndProject
Global
	GlobalSection(SolutionConfigurationPlatforms) = preSolution
		Debug|Any CPU = Debug|Any CPU
		Release|Any CPU = Release|Any CPU
	EndGlobalSection
	GlobalSection(ProjectConfigurationPlatforms) = postSolution
		{C7448063-E03E-44E9-8D4C-4D6A16926038}.Debug|Any CPU.ActiveCfg = Debug|Any CPU
		{C7448063-E03E-44E9-8D4C-4D6A16926038}.Release|Any CPU.ActiveCfg = Release|Any CPU
	EndGlobalSection
	GlobalSection(SolutionProperties) = preSolution
		HideSolutionNode = FALSE
	EndGlobalSection
	GlobalSection(ExtensibilityGlobals) = postSolution
		SolutionGuid = {47205C09-1353-48A1-AACB-BD4BEA263A6A}
	EndGlobalSection
EndGlobal
