
Microsoft Visual Studio Solution File, Format Version 12.00
# Visual Studio Version 16
VisualStudioVersion = 16.0.31702.278
MinimumVisualStudioVersion = 10.0.40219.1
Project("{888888A0-9F3D-457C-B088-3A5042F75D52}") = "bst_has_path_sum_uplevel", "bst_has_path_sum_uplevel.pyproj", "{948D3A63-BE89-4589-BCF2-2CD7DBD3CDD8}"
EndProject
Global
	GlobalSection(SolutionConfigurationPlatforms) = preSolution
		Debug|Any CPU = Debug|Any CPU
		Release|Any CPU = Release|Any CPU
	EndGlobalSection
	GlobalSection(ProjectConfigurationPlatforms) = postSolution
		{948D3A63-BE89-4589-BCF2-2CD7DBD3CDD8}.Debug|Any CPU.ActiveCfg = Debug|Any CPU
		{948D3A63-BE89-4589-BCF2-2CD7DBD3CDD8}.Release|Any CPU.ActiveCfg = Release|Any CPU
	EndGlobalSection
	GlobalSection(SolutionProperties) = preSolution
		HideSolutionNode = FALSE
	EndGlobalSection
	GlobalSection(ExtensibilityGlobals) = postSolution
		SolutionGuid = {0C4DCEF0-E2E2-4AAF-A586-E4C616C315AB}
	EndGlobalSection
EndGlobal
