
Microsoft Visual Studio Solution File, Format Version 12.00
# Visual Studio Version 16
VisualStudioVersion = 16.0.31702.278
MinimumVisualStudioVersion = 10.0.40219.1
Project("{888888A0-9F3D-457C-B088-3A5042F75D52}") = "recursion_combinations_backtracking_mutable_uplevel", "recursion_combinations_backtracking_mutable_uplevel.pyproj", "{DAA8ED40-8926-4B6E-89CD-2A7B8D3153E5}"
EndProject
Global
	GlobalSection(SolutionConfigurationPlatforms) = preSolution
		Debug|Any CPU = Debug|Any CPU
		Release|Any CPU = Release|Any CPU
	EndGlobalSection
	GlobalSection(ProjectConfigurationPlatforms) = postSolution
		{DAA8ED40-8926-4B6E-89CD-2A7B8D3153E5}.Debug|Any CPU.ActiveCfg = Debug|Any CPU
		{DAA8ED40-8926-4B6E-89CD-2A7B8D3153E5}.Release|Any CPU.ActiveCfg = Release|Any CPU
	EndGlobalSection
	GlobalSection(SolutionProperties) = preSolution
		HideSolutionNode = FALSE
	EndGlobalSection
	GlobalSection(ExtensibilityGlobals) = postSolution
		SolutionGuid = {C480E1D0-D655-4C3A-AD74-55FB0FAE58D4}
	EndGlobalSection
EndGlobal
