
Microsoft Visual Studio Solution File, Format Version 12.00
# Visual Studio Version 16
VisualStudioVersion = 16.0.31702.278
MinimumVisualStudioVersion = 10.0.40219.1
Project("{888888A0-9F3D-457C-B088-3A5042F75D52}") = "insertion_sort_uplevel", "insertion_sort_uplevel.pyproj", "{0118E8F7-F939-4D5A-851E-CC9714ED6A27}"
EndProject
Global
	GlobalSection(SolutionConfigurationPlatforms) = preSolution
		Debug|Any CPU = Debug|Any CPU
		Release|Any CPU = Release|Any CPU
	EndGlobalSection
	GlobalSection(ProjectConfigurationPlatforms) = postSolution
		{0118E8F7-F939-4D5A-851E-CC9714ED6A27}.Debug|Any CPU.ActiveCfg = Debug|Any CPU
		{0118E8F7-F939-4D5A-851E-CC9714ED6A27}.Release|Any CPU.ActiveCfg = Release|Any CPU
	EndGlobalSection
	GlobalSection(SolutionProperties) = preSolution
		HideSolutionNode = FALSE
	EndGlobalSection
	GlobalSection(ExtensibilityGlobals) = postSolution
		SolutionGuid = {D3F24189-83DE-4D5C-A1E4-1DB3F1312846}
	EndGlobalSection
EndGlobal
