
Microsoft Visual Studio Solution File, Format Version 12.00
# Visual Studio Version 16
VisualStudioVersion = 16.0.31702.278
MinimumVisualStudioVersion = 10.0.40219.1
Project("{888888A0-9F3D-457C-B088-3A5042F75D52}") = "recursion_powerset_string_duplicate_uplevel", "recursion_powerset_string_duplicate_uplevel.pyproj", "{4005F62C-23FC-4E79-849E-CF89C1D17D82}"
EndProject
Global
	GlobalSection(SolutionConfigurationPlatforms) = preSolution
		Debug|Any CPU = Debug|Any CPU
		Release|Any CPU = Release|Any CPU
	EndGlobalSection
	GlobalSection(ProjectConfigurationPlatforms) = postSolution
		{4005F62C-23FC-4E79-849E-CF89C1D17D82}.Debug|Any CPU.ActiveCfg = Debug|Any CPU
		{4005F62C-23FC-4E79-849E-CF89C1D17D82}.Release|Any CPU.ActiveCfg = Release|Any CPU
	EndGlobalSection
	GlobalSection(SolutionProperties) = preSolution
		HideSolutionNode = FALSE
	EndGlobalSection
	GlobalSection(ExtensibilityGlobals) = postSolution
		SolutionGuid = {DAEE5A51-C4BB-4644-ABDF-EA5FC5F9E829}
	EndGlobalSection
EndGlobal
